# This file is automatically @generated by Cargo.
# It is not intended for manual editing.
version = 3

[[package]]
name = "as-any"
version = "0.3.0"
source = "registry+https://github.com/rust-lang/crates.io-index"
checksum = "8c3419eecc9f5967e6f0f29a0c3fefe22bda6ea34b15798f3c452cb81f2c3fa7"

[[package]]
name = "rust-tapas-005-trait-objects"
version = "0.1.0"
dependencies = [
 "as-any",
]
